
Microsoft Visual Studio Solution File, Format Version 12.00
# Visual Studio Version 17
VisualStudioVersion = 17.13.35828.75 d17.13
MinimumVisualStudioVersion = 10.0.40219.1
Project("{FAE04EC0-301F-11D3-BF4B-00C04F79EFBC}") = "ThreadPool", "ThreadPool\ThreadPool.csproj", "{60D48C19-4C9C-46CC-AFDE-F41D1B06233A}"
EndProject
Global
	GlobalSection(SolutionConfigurationPlatforms) = preSolution
		Debug|Any CPU = Debug|Any CPU
		Release|Any CPU = Release|Any CPU
	EndGlobalSection
	GlobalSection(ProjectConfigurationPlatforms) = postSolution
		{60D48C19-4C9C-46CC-AFDE-F41D1B06233A}.Debug|Any CPU.ActiveCfg = Debug|Any CPU
		{60D48C19-4C9C-46CC-AFDE-F41D1B06233A}.Debug|Any CPU.Build.0 = Debug|Any CPU
		{60D48C19-4C9C-46CC-AFDE-F41D1B06233A}.Release|Any CPU.ActiveCfg = Release|Any CPU
		{60D48C19-4C9C-46CC-AFDE-F41D1B06233A}.Release|Any CPU.Build.0 = Release|Any CPU
	EndGlobalSection
	GlobalSection(SolutionProperties) = preSolution
		HideSolutionNode = FALSE
	EndGlobalSection
	GlobalSection(ExtensibilityGlobals) = postSolution
		SolutionGuid = {7EC937E2-AA33-466C-9881-134EF608FB90}
	EndGlobalSection
EndGlobal
